
Microsoft Visual Studio Solution File, Format Version 12.00
# Visual Studio Version 17
VisualStudioVersion = 17.0.32014.148
MinimumVisualStudioVersion = 10.0.40219.1
Project("{8BC9CEB8-8B4A-11D0-8D11-00A0C91BC942}") = "Information Security", "Information Security.vcxproj", "{18BA669C-E17A-4E83-9155-34EB2149CE2D}"
EndProject
Project("{8BC9CEB8-8B4A-11D0-8D11-00A0C91BC942}") = "LR1", "LR1\LR1.vcxproj", "{B0D10989-9C17-4546-838C-4A4937795F2B}"
EndProject
Project("{8BC9CEB8-8B4A-11D0-8D11-00A0C91BC942}") = "LR2", "ConsoleApplication1\ConsoleApplication1.vcxproj", "{768B96F5-57E3-4A8C-ADE6-0D0ADF315E2A}"
EndProject
Project("{8BC9CEB8-8B4A-11D0-8D11-00A0C91BC942}") = "LR3_2", "LR3_2\LR3_2.vcxproj", "{0981AB85-2AD6-417E-8928-F39509DFD547}"
EndProject
Project("{8BC9CEB8-8B4A-11D0-8D11-00A0C91BC942}") = "LR4_2", "LR4_2\LR4_2.vcxproj", "{6237B9CA-FFD7-46E8-A33F-F123706B136C}"
EndProject
Project("{8BC9CEB8-8B4A-11D0-8D11-00A0C91BC942}") = "LR6_0", "LR6_0\LR6_0.vcxproj", "{3C05F655-0D1E-484D-8F09-997B6B910B04}"
EndProject
Project("{8BC9CEB8-8B4A-11D0-8D11-00A0C91BC942}") = "LR6_2", "LR6_2\LR6_2.vcxproj", "{9300D667-B308-44AA-8A63-B9D738A4025F}"
EndProject
Project("{8BC9CEB8-8B4A-11D0-8D11-00A0C91BC942}") = "LR7_1", "LR7_1\LR7_1.vcxproj", "{15E68BC3-A520-4F38-9145-6C74C87044CB}"
EndProject
Project("{8BC9CEB8-8B4A-11D0-8D11-00A0C91BC942}") = "LR9_1", "LR9_1\LR9_1.vcxproj", "{8FEF74E2-5C20-4E43-850C-D71EE0DFFE59}"
EndProject
Global
	GlobalSection(SolutionConfigurationPlatforms) = preSolution
		Debug|x64 = Debug|x64
		Debug|x86 = Debug|x86
		Release|x64 = Release|x64
		Release|x86 = Release|x86
	EndGlobalSection
	GlobalSection(ProjectConfigurationPlatforms) = postSolution
		{18BA669C-E17A-4E83-9155-34EB2149CE2D}.Debug|x64.ActiveCfg = Debug|x64
		{18BA669C-E17A-4E83-9155-34EB2149CE2D}.Debug|x64.Build.0 = Debug|x64
		{18BA669C-E17A-4E83-9155-34EB2149CE2D}.Debug|x86.ActiveCfg = Debug|Win32
		{18BA669C-E17A-4E83-9155-34EB2149CE2D}.Debug|x86.Build.0 = Debug|Win32
		{18BA669C-E17A-4E83-9155-34EB2149CE2D}.Release|x64.ActiveCfg = Release|x64
		{18BA669C-E17A-4E83-9155-34EB2149CE2D}.Release|x64.Build.0 = Release|x64
		{18BA669C-E17A-4E83-9155-34EB2149CE2D}.Release|x86.ActiveCfg = Release|Win32
		{18BA669C-E17A-4E83-9155-34EB2149CE2D}.Release|x86.Build.0 = Release|Win32
		{B0D10989-9C17-4546-838C-4A4937795F2B}.Debug|x64.ActiveCfg = Debug|x64
		{B0D10989-9C17-4546-838C-4A4937795F2B}.Debug|x64.Build.0 = Debug|x64
		{B0D10989-9C17-4546-838C-4A4937795F2B}.Debug|x86.ActiveCfg = Debug|Win32
		{B0D10989-9C17-4546-838C-4A4937795F2B}.Debug|x86.Build.0 = Debug|Win32
		{B0D10989-9C17-4546-838C-4A4937795F2B}.Release|x64.ActiveCfg = Release|x64
		{B0D10989-9C17-4546-838C-4A4937795F2B}.Release|x64.Build.0 = Release|x64
		{B0D10989-9C17-4546-838C-4A4937795F2B}.Release|x86.ActiveCfg = Release|Win32
		{B0D10989-9C17-4546-838C-4A4937795F2B}.Release|x86.Build.0 = Release|Win32
		{768B96F5-57E3-4A8C-ADE6-0D0ADF315E2A}.Debug|x64.ActiveCfg = Debug|x64
		{768B96F5-57E3-4A8C-ADE6-0D0ADF315E2A}.Debug|x64.Build.0 = Debug|x64
		{768B96F5-57E3-4A8C-ADE6-0D0ADF315E2A}.Debug|x86.ActiveCfg = Debug|Win32
		{768B96F5-57E3-4A8C-ADE6-0D0ADF315E2A}.Debug|x86.Build.0 = Debug|Win32
		{768B96F5-57E3-4A8C-ADE6-0D0ADF315E2A}.Release|x64.ActiveCfg = Release|x64
		{768B96F5-57E3-4A8C-ADE6-0D0ADF315E2A}.Release|x64.Build.0 = Release|x64
		{768B96F5-57E3-4A8C-ADE6-0D0ADF315E2A}.Release|x86.ActiveCfg = Release|Win32
		{768B96F5-57E3-4A8C-ADE6-0D0ADF315E2A}.Release|x86.Build.0 = Release|Win32
		{0981AB85-2AD6-417E-8928-F39509DFD547}.Debug|x64.ActiveCfg = Debug|x64
		{0981AB85-2AD6-417E-8928-F39509DFD547}.Debug|x64.Build.0 = Debug|x64
		{0981AB85-2AD6-417E-8928-F39509DFD547}.Debug|x86.ActiveCfg = Debug|Win32
		{0981AB85-2AD6-417E-8928-F39509DFD547}.Debug|x86.Build.0 = Debug|Win32
		{0981AB85-2AD6-417E-8928-F39509DFD547}.Release|x64.ActiveCfg = Release|x64
		{0981AB85-2AD6-417E-8928-F39509DFD547}.Release|x64.Build.0 = Release|x64
		{0981AB85-2AD6-417E-8928-F39509DFD547}.Release|x86.ActiveCfg = Release|Win32
		{0981AB85-2AD6-417E-8928-F39509DFD547}.Release|x86.Build.0 = Release|Win32
		{6237B9CA-FFD7-46E8-A33F-F123706B136C}.Debug|x64.ActiveCfg = Debug|x64
		{6237B9CA-FFD7-46E8-A33F-F123706B136C}.Debug|x64.Build.0 = Debug|x64
		{6237B9CA-FFD7-46E8-A33F-F123706B136C}.Debug|x86.ActiveCfg = Debug|Win32
		{6237B9CA-FFD7-46E8-A33F-F123706B136C}.Debug|x86.Build.0 = Debug|Win32
		{6237B9CA-FFD7-46E8-A33F-F123706B136C}.Release|x64.ActiveCfg = Release|x64
		{6237B9CA-FFD7-46E8-A33F-F123706B136C}.Release|x64.Build.0 = Release|x64
		{6237B9CA-FFD7-46E8-A33F-F123706B136C}.Release|x86.ActiveCfg = Release|Win32
		{6237B9CA-FFD7-46E8-A33F-F123706B136C}.Release|x86.Build.0 = Release|Win32
		{3C05F655-0D1E-484D-8F09-997B6B910B04}.Debug|x64.ActiveCfg = Debug|x64
		{3C05F655-0D1E-484D-8F09-997B6B910B04}.Debug|x64.Build.0 = Debug|x64
		{3C05F655-0D1E-484D-8F09-997B6B910B04}.Debug|x86.ActiveCfg = Debug|Win32
		{3C05F655-0D1E-484D-8F09-997B6B910B04}.Debug|x86.Build.0 = Debug|Win32
		{3C05F655-0D1E-484D-8F09-997B6B910B04}.Release|x64.ActiveCfg = Release|x64
		{3C05F655-0D1E-484D-8F09-997B6B910B04}.Release|x64.Build.0 = Release|x64
		{3C05F655-0D1E-484D-8F09-997B6B910B04}.Release|x86.ActiveCfg = Release|Win32
		{3C05F655-0D1E-484D-8F09-997B6B910B04}.Release|x86.Build.0 = Release|Win32
		{9300D667-B308-44AA-8A63-B9D738A4025F}.Debug|x64.ActiveCfg = Debug|x64
		{9300D667-B308-44AA-8A63-B9D738A4025F}.Debug|x64.Build.0 = Debug|x64
		{9300D667-B308-44AA-8A63-B9D738A4025F}.Debug|x86.ActiveCfg = Debug|Win32
		{9300D667-B308-44AA-8A63-B9D738A4025F}.Debug|x86.Build.0 = Debug|Win32
		{9300D667-B308-44AA-8A63-B9D738A4025F}.Release|x64.ActiveCfg = Release|x64
		{9300D667-B308-44AA-8A63-B9D738A4025F}.Release|x64.Build.0 = Release|x64
		{9300D667-B308-44AA-8A63-B9D738A4025F}.Release|x86.ActiveCfg = Release|Win32
		{9300D667-B308-44AA-8A63-B9D738A4025F}.Release|x86.Build.0 = Release|Win32
		{15E68BC3-A520-4F38-9145-6C74C87044CB}.Debug|x64.ActiveCfg = Debug|x64
		{15E68BC3-A520-4F38-9145-6C74C87044CB}.Debug|x64.Build.0 = Debug|x64
		{15E68BC3-A520-4F38-9145-6C74C87044CB}.Debug|x86.ActiveCfg = Debug|Win32
		{15E68BC3-A520-4F38-9145-6C74C87044CB}.Debug|x86.Build.0 = Debug|Win32
		{15E68BC3-A520-4F38-9145-6C74C87044CB}.Release|x64.ActiveCfg = Release|x64
		{15E68BC3-A520-4F38-9145-6C74C87044CB}.Release|x64.Build.0 = Release|x64
		{15E68BC3-A520-4F38-9145-6C74C87044CB}.Release|x86.ActiveCfg = Release|Win32
		{15E68BC3-A520-4F38-9145-6C74C87044CB}.Release|x86.Build.0 = Release|Win32
		{8FEF74E2-5C20-4E43-850C-D71EE0DFFE59}.Debug|x64.ActiveCfg = Debug|x64
		{8FEF74E2-5C20-4E43-850C-D71EE0DFFE59}.Debug|x64.Build.0 = Debug|x64
		{8FEF74E2-5C20-4E43-850C-D71EE0DFFE59}.Debug|x86.ActiveCfg = Debug|Win32
		{8FEF74E2-5C20-4E43-850C-D71EE0DFFE59}.Debug|x86.Build.0 = Debug|Win32
		{8FEF74E2-5C20-4E43-850C-D71EE0DFFE59}.Release|x64.ActiveCfg = Release|x64
		{8FEF74E2-5C20-4E43-850C-D71EE0DFFE59}.Release|x64.Build.0 = Release|x64
		{8FEF74E2-5C20-4E43-850C-D71EE0DFFE59}.Release|x86.ActiveCfg = Release|Win32
		{8FEF74E2-5C20-4E43-850C-D71EE0DFFE59}.Release|x86.Build.0 = Release|Win32
	EndGlobalSection
	GlobalSection(SolutionProperties) = preSolution
		HideSolutionNode = FALSE
	EndGlobalSection
	GlobalSection(ExtensibilityGlobals) = postSolution
		SolutionGuid = {4ECE1FCC-66D7-450F-B74C-9B452648FCF4}
	EndGlobalSection
EndGlobal
